// !$*UTF8*$!
{
	archiveVersion = 1;
	classes = {
	};
	objectVersion = 54;
	objects = {

/* Begin PBXBuildFile section */
		00E356F31AD99517003FC87E /* CoffeTimeTests.m in Sources */ = {isa = PBXBuildFile; fileRef = 00E356F21AD99517003FC87E /* CoffeTimeTests.m */; };
		0DB623371FEE4A64920136E3 /* SF-Compact-Display-Heavy.otf in Resources */ = {isa = PBXBuildFile; fileRef = 7C97A99E730145E5A3B4C207 /* SF-Compact-Display-Heavy.otf */; };
		0F1583ACA42142C9A6AA50FD /* SF-Compact-Text-MediumItalic.otf in Resources */ = {isa = PBXBuildFile; fileRef = 93F12A2614A941C387C57108 /* SF-Compact-Text-MediumItalic.otf */; };
		0F991ED573E345C59A2176BA /* SF-Compact-Display-Ultralight.otf in Resources */ = {isa = PBXBuildFile; fileRef = B0383A755BCE41EFB0C0612C /* SF-Compact-Display-Ultralight.otf */; };
		13B07FBC1A68108700A75B9A /* AppDelegate.mm in Sources */ = {isa = PBXBuildFile; fileRef = 13B07FB01A68108700A75B9A /* AppDelegate.mm */; };
		13B07FBF1A68108700A75B9A /* Images.xcassets in Resources */ = {isa = PBXBuildFile; fileRef = 13B07FB51A68108700A75B9A /* Images.xcassets */; };
		13B07FC11A68108700A75B9A /* main.m in Sources */ = {isa = PBXBuildFile; fileRef = 13B07FB71A68108700A75B9A /* main.m */; };
		1656FA04215D463FBABE63B5 /* SF-UI-Display-Light.otf in Resources */ = {isa = PBXBuildFile; fileRef = 553F4296B2194944B88356A7 /* SF-UI-Display-Light.otf */; };
		1C6FE46D50234F0AAF50D0C2 /* SF-UI-Text-Medium.otf in Resources */ = {isa = PBXBuildFile; fileRef = 5E2E048E1AD4407EAAD7174D /* SF-UI-Text-Medium.otf */; };
		22A79A6A2EFF424A91201B3D /* SF-UI-Text-RegularItalic.otf in Resources */ = {isa = PBXBuildFile; fileRef = D9EA397CCFC04EB2810F00EB /* SF-UI-Text-RegularItalic.otf */; };
		2A43324A30354749BEA2562D /* SF-Compact-Display-Medium.otf in Resources */ = {isa = PBXBuildFile; fileRef = FBC624D567354428BC1234AA /* SF-Compact-Display-Medium.otf */; };
		2AE42BE1ABED4661BE818A4B /* SF-UI-Text-Light.otf in Resources */ = {isa = PBXBuildFile; fileRef = A4D568A1093A4229BEE70568 /* SF-UI-Text-Light.otf */; };
		2BE8F80D184B461991063B25 /* SF-Compact-Display-Light.otf in Resources */ = {isa = PBXBuildFile; fileRef = B2F8A9B9488C4E62B96518EB /* SF-Compact-Display-Light.otf */; };
		2CD886D0A84148DABD3513CA /* SF-UI-Text-SemiboldItalic.otf in Resources */ = {isa = PBXBuildFile; fileRef = BA39D4DC7D774DE9AB403CA5 /* SF-UI-Text-SemiboldItalic.otf */; };
		2E52BB932B98490B00297EBB /* libRNReactNativeHapticFeedback.a in Frameworks */ = {isa = PBXBuildFile; fileRef = 2E52BB922B98490B00297EBB /* libRNReactNativeHapticFeedback.a */; };
		2E74E56C441140D1AF8EFA12 /* SF-UI-Text-Regular.otf in Resources */ = {isa = PBXBuildFile; fileRef = 37EC92AA329745CF980E305C /* SF-UI-Text-Regular.otf */; };
		2F24D6EAF0D44E0B815536E9 /* SF-Compact-Text-BoldItalic.otf in Resources */ = {isa = PBXBuildFile; fileRef = 77BDB457DDD34243BEBA80F7 /* SF-Compact-Text-BoldItalic.otf */; };
		314F8E699BB0414F873F5B09 /* SF-UI-Display-Ultralight.otf in Resources */ = {isa = PBXBuildFile; fileRef = 64540F37624A4D5A803BCBF4 /* SF-UI-Display-Ultralight.otf */; };
		40D00E240DC648CAAE800F6F /* SF-UI-Display-Regular.otf in Resources */ = {isa = PBXBuildFile; fileRef = 742469EAF84546DBAEADA932 /* SF-UI-Display-Regular.otf */; };
		4813ACC8F6804A1A8CD744BA /* SF-UI-Text-HeavyItalic.otf in Resources */ = {isa = PBXBuildFile; fileRef = 983653FFB3A646338C2FC208 /* SF-UI-Text-HeavyItalic.otf */; };
		4A8ED73634A5460FA3C7BE6E /* SF-UI-Display-Medium.otf in Resources */ = {isa = PBXBuildFile; fileRef = 67DAD89638284BB395301713 /* SF-UI-Display-Medium.otf */; };
		4F15320F71EB400B92E1AD72 /* SF-Compact-Text-RegularItalic.otf in Resources */ = {isa = PBXBuildFile; fileRef = 6B40439AFC1D4EC08D9CBF97 /* SF-Compact-Text-RegularItalic.otf */; };
		5BD08662698F471D9B03AD3B /* SF-UI-Text-MediumItalic.otf in Resources */ = {isa = PBXBuildFile; fileRef = 1C29B00C55B5475285695D32 /* SF-UI-Text-MediumItalic.otf */; };
		5FF67D3315BC40D2BFB5131B /* SF-Compact-Text-LightItalic.otf in Resources */ = {isa = PBXBuildFile; fileRef = 14D459D4CBF04DBC8277352C /* SF-Compact-Text-LightItalic.otf */; };
		6439142B03C6430B8E473B88 /* SF-UI-Display-Semibold.otf in Resources */ = {isa = PBXBuildFile; fileRef = 3C4996E4CEAB44C6BFEF5A02 /* SF-UI-Display-Semibold.otf */; };
		6799E72B95C641D9BF784CDE /* SF-Compact-Text-Bold.otf in Resources */ = {isa = PBXBuildFile; fileRef = 05956C7739C14EE8B8CC0E2E /* SF-Compact-Text-Bold.otf */; };
		6DD98956AA6A4F0EAE9D7511 /* SF-UI-Text-Semibold.otf in Resources */ = {isa = PBXBuildFile; fileRef = 2732B61518EC4808B7374A13 /* SF-UI-Text-Semibold.otf */; };
		771E687DD2D24D58BBFDD94C /* SF-UI-Text-LightItalic.otf in Resources */ = {isa = PBXBuildFile; fileRef = F134C4B0BA18464F86C622F5 /* SF-UI-Text-LightItalic.otf */; };
		7AE704AACAF04759A45FF95C /* SF-Compact-Text-Regular.otf in Resources */ = {isa = PBXBuildFile; fileRef = F380710F8CA5400CB641E7F1 /* SF-Compact-Text-Regular.otf */; };
		81AB9BB82411601600AC10FF /* LaunchScreen.storyboard in Resources */ = {isa = PBXBuildFile; fileRef = 81AB9BB72411601600AC10FF /* LaunchScreen.storyboard */; };
		8C193ED3F9CDF4B7B19C9E57 /* libPods-CoffeTime-CoffeTimeTests.a in Frameworks */ = {isa = PBXBuildFile; fileRef = 0132F6B4AF25A99935FA96E2 /* libPods-CoffeTime-CoffeTimeTests.a */; };
		93861F12DA934FE28FC00A15 /* Lobster-Regular.ttf in Resources */ = {isa = PBXBuildFile; fileRef = 87B58E1706C446DBADA9AB35 /* Lobster-Regular.ttf */; };
		97390382223146AF97805662 /* SF-UI-Text-Bold.otf in Resources */ = {isa = PBXBuildFile; fileRef = C7B1CCD053A044C2A5D687F5 /* SF-UI-Text-Bold.otf */; };
		9EE669B2D9F64879A5176D52 /* SF-Compact-Text-Semibold.otf in Resources */ = {isa = PBXBuildFile; fileRef = 5AFD88E347924075AA451EB3 /* SF-Compact-Text-Semibold.otf */; };
		AA4F9B103958447C97B4E493 /* SF-Compact-Display-Regular.otf in Resources */ = {isa = PBXBuildFile; fileRef = 91B7242D7B00420FADE17A67 /* SF-Compact-Display-Regular.otf */; };
		AF2803B2F33548C79DB04FE8 /* SF-Compact-Display-Thin.otf in Resources */ = {isa = PBXBuildFile; fileRef = C683709A9E2746A8B080C381 /* SF-Compact-Display-Thin.otf */; };
		B0D6D792D7BC43008CEA77E7 /* SF-Compact-Text-Light.otf in Resources */ = {isa = PBXBuildFile; fileRef = FD7841AAE6624768AADBA49E /* SF-Compact-Text-Light.otf */; };
		B849CA620BE643DCAE03F80B /* SF-Compact-Text-Heavy.otf in Resources */ = {isa = PBXBuildFile; fileRef = 2C3602ED24314642B38E0EEC /* SF-Compact-Text-Heavy.otf */; };
		C29B7B889B9349349B178702 /* SF-UI-Display-Black.otf in Resources */ = {isa = PBXBuildFile; fileRef = 4C835A1CB20445A1B18ECE13 /* SF-UI-Display-Black.otf */; };
		C49AB227E89FEED839B953E1 /* libPods-CoffeTime.a in Frameworks */ = {isa = PBXBuildFile; fileRef = 712B4909A950C5FDBFF5C2C3 /* libPods-CoffeTime.a */; };
		CF3C5C0AF5E341709489E6DD /* SF-Compact-Display-Bold.otf in Resources */ = {isa = PBXBuildFile; fileRef = 74E87709C99C410FA757DDBE /* SF-Compact-Display-Bold.otf */; };
		D56FEAFD09B94EB1A9FD752B /* SF-Compact-Text-SemiboldItalic.otf in Resources */ = {isa = PBXBuildFile; fileRef = ACB9B03410364AC0B2CEC61F /* SF-Compact-Text-SemiboldItalic.otf */; };
		E753B48DB7A847ADAA0782D8 /* SF-UI-Display-Heavy.otf in Resources */ = {isa = PBXBuildFile; fileRef = 63ACC78FC4A643908EAEA66D /* SF-UI-Display-Heavy.otf */; };
		E86473F12BA845B693A77477 /* SF-Compact-Text-HeavyItalic.otf in Resources */ = {isa = PBXBuildFile; fileRef = 2D7755AD18A242EBB5EE5B3D /* SF-Compact-Text-HeavyItalic.otf */; };
		EB84C279E42742ABA8A45D52 /* SF-UI-Text-BoldItalic.otf in Resources */ = {isa = PBXBuildFile; fileRef = 0C3AF1756F9F40ACBB4C5ABB /* SF-UI-Text-BoldItalic.otf */; };
		EC04A37F75EE411DBDAE4FA4 /* SF-UI-Text-Heavy.otf in Resources */ = {isa = PBXBuildFile; fileRef = 34FB4917D3AF480FA7F48B05 /* SF-UI-Text-Heavy.otf */; };
		EEB7A19EB99A4485AE9A2AD1 /* SF-UI-Display-Bold.otf in Resources */ = {isa = PBXBuildFile; fileRef = DF91675A180D46C68B5B4587 /* SF-UI-Display-Bold.otf */; };
		F428C9EA5D5040AAA8E6CD10 /* SF-Compact-Display-Black.otf in Resources */ = {isa = PBXBuildFile; fileRef = DFFCEC7BDC4E4B5898D70858 /* SF-Compact-Display-Black.otf */; };
		F4EF713E329A4841B4801195 /* SF-UI-Display-Thin.otf in Resources */ = {isa = PBXBuildFile; fileRef = 2158353F84F1469CA38B04AC /* SF-UI-Display-Thin.otf */; };
		F6BD6F4A8F9F4BB08B66B92B /* SF-Compact-Display-Semibold.otf in Resources */ = {isa = PBXBuildFile; fileRef = 6B9CD5E66C24478CACA2B02B /* SF-Compact-Display-Semibold.otf */; };
		FBBC7D746F1A469E90F094E3 /* SF-Compact-Text-Medium.otf in Resources */ = {isa = PBXBuildFile; fileRef = B0E7164D2C0E4F50B3DDCF16 /* SF-Compact-Text-Medium.otf */; };
/* End PBXBuildFile section */

/* Begin PBXContainerItemProxy section */
		00E356F41AD99517003FC87E /* PBXContainerItemProxy */ = {
			isa = PBXContainerItemProxy;
			containerPortal = 83CBB9F71A601CBA00E9B192 /* Project object */;
			proxyType = 1;
			remoteGlobalIDString = 13B07F861A680F5B00A75B9A;
			remoteInfo = CoffeTime;
		};
/* End PBXContainerItemProxy section */

/* Begin PBXFileReference section */
		00E356EE1AD99517003FC87E /* CoffeTimeTests.xctest */ = {isa = PBXFileReference; explicitFileType = wrapper.cfbundle; includeInIndex = 0; path = CoffeTimeTests.xctest; sourceTree = BUILT_PRODUCTS_DIR; };
		00E356F11AD99517003FC87E /* Info.plist */ = {isa = PBXFileReference; lastKnownFileType = text.plist.xml; path = Info.plist; sourceTree = "<group>"; };
		00E356F21AD99517003FC87E /* CoffeTimeTests.m */ = {isa = PBXFileReference; lastKnownFileType = sourcecode.c.objc; path = CoffeTimeTests.m; sourceTree = "<group>"; };
		0132F6B4AF25A99935FA96E2 /* libPods-CoffeTime-CoffeTimeTests.a */ = {isa = PBXFileReference; explicitFileType = archive.ar; includeInIndex = 0; path = "libPods-CoffeTime-CoffeTimeTests.a"; sourceTree = BUILT_PRODUCTS_DIR; };
		05956C7739C14EE8B8CC0E2E /* SF-Compact-Text-Bold.otf */ = {isa = PBXFileReference; explicitFileType = undefined; fileEncoding = 9; includeInIndex = 0; lastKnownFileType = unknown; name = "SF-Compact-Text-Bold.otf"; path = "../src/shared/assets/fonts/SF-Compact-Text-Bold.otf"; sourceTree = "<group>"; };
		08B74E4522A9BDA95A110587 /* Pods-CoffeTime.release.xcconfig */ = {isa = PBXFileReference; includeInIndex = 1; lastKnownFileType = text.xcconfig; name = "Pods-CoffeTime.release.xcconfig"; path = "Target Support Files/Pods-CoffeTime/Pods-CoffeTime.release.xcconfig"; sourceTree = "<group>"; };
		0C3AF1756F9F40ACBB4C5ABB /* SF-UI-Text-BoldItalic.otf */ = {isa = PBXFileReference; explicitFileType = undefined; fileEncoding = 9; includeInIndex = 0; lastKnownFileType = unknown; name = "SF-UI-Text-BoldItalic.otf"; path = "../src/shared/assets/fonts/SF-UI-Text-BoldItalic.otf"; sourceTree = "<group>"; };
		13B07F961A680F5B00A75B9A /* CoffeTime.app */ = {isa = PBXFileReference; explicitFileType = wrapper.application; includeInIndex = 0; path = CoffeTime.app; sourceTree = BUILT_PRODUCTS_DIR; };
		13B07FAF1A68108700A75B9A /* AppDelegate.h */ = {isa = PBXFileReference; fileEncoding = 4; lastKnownFileType = sourcecode.c.h; name = AppDelegate.h; path = CoffeTime/AppDelegate.h; sourceTree = "<group>"; };
		13B07FB01A68108700A75B9A /* AppDelegate.mm */ = {isa = PBXFileReference; fileEncoding = 4; lastKnownFileType = sourcecode.cpp.objcpp; name = AppDelegate.mm; path = CoffeTime/AppDelegate.mm; sourceTree = "<group>"; };
		13B07FB51A68108700A75B9A /* Images.xcassets */ = {isa = PBXFileReference; lastKnownFileType = folder.assetcatalog; name = Images.xcassets; path = CoffeTime/Images.xcassets; sourceTree = "<group>"; };
		13B07FB61A68108700A75B9A /* Info.plist */ = {isa = PBXFileReference; fileEncoding = 4; lastKnownFileType = text.plist.xml; name = Info.plist; path = CoffeTime/Info.plist; sourceTree = "<group>"; };
		13B07FB71A68108700A75B9A /* main.m */ = {isa = PBXFileReference; fileEncoding = 4; lastKnownFileType = sourcecode.c.objc; name = main.m; path = CoffeTime/main.m; sourceTree = "<group>"; };
		14D459D4CBF04DBC8277352C /* SF-Compact-Text-LightItalic.otf */ = {isa = PBXFileReference; explicitFileType = undefined; fileEncoding = 9; includeInIndex = 0; lastKnownFileType = unknown; name = "SF-Compact-Text-LightItalic.otf"; path = "../src/shared/assets/fonts/SF-Compact-Text-LightItalic.otf"; sourceTree = "<group>"; };
		1C29B00C55B5475285695D32 /* SF-UI-Text-MediumItalic.otf */ = {isa = PBXFileReference; explicitFileType = undefined; fileEncoding = 9; includeInIndex = 0; lastKnownFileType = unknown; name = "SF-UI-Text-MediumItalic.otf"; path = "../src/shared/assets/fonts/SF-UI-Text-MediumItalic.otf"; sourceTree = "<group>"; };
		2158353F84F1469CA38B04AC /* SF-UI-Display-Thin.otf */ = {isa = PBXFileReference; explicitFileType = undefined; fileEncoding = 9; includeInIndex = 0; lastKnownFileType = unknown; name = "SF-UI-Display-Thin.otf"; path = "../src/shared/assets/fonts/SF-UI-Display-Thin.otf"; sourceTree = "<group>"; };
		2732B61518EC4808B7374A13 /* SF-UI-Text-Semibold.otf */ = {isa = PBXFileReference; explicitFileType = undefined; fileEncoding = 9; includeInIndex = 0; lastKnownFileType = unknown; name = "SF-UI-Text-Semibold.otf"; path = "../src/shared/assets/fonts/SF-UI-Text-Semibold.otf"; sourceTree = "<group>"; };
		2C3602ED24314642B38E0EEC /* SF-Compact-Text-Heavy.otf */ = {isa = PBXFileReference; explicitFileType = undefined; fileEncoding = 9; includeInIndex = 0; lastKnownFileType = unknown; name = "SF-Compact-Text-Heavy.otf"; path = "../src/shared/assets/fonts/SF-Compact-Text-Heavy.otf"; sourceTree = "<group>"; };
		2D7755AD18A242EBB5EE5B3D /* SF-Compact-Text-HeavyItalic.otf */ = {isa = PBXFileReference; explicitFileType = undefined; fileEncoding = 9; includeInIndex = 0; lastKnownFileType = unknown; name = "SF-Compact-Text-HeavyItalic.otf"; path = "../src/shared/assets/fonts/SF-Compact-Text-HeavyItalic.otf"; sourceTree = "<group>"; };
		2E52BB8F2B98488700297EBB /* RNReactNativeHapticFeedback.xcodeproj */ = {isa = PBXFileReference; lastKnownFileType = "wrapper.pb-project"; name = RNReactNativeHapticFeedback.xcodeproj; path = "../node_modules/react-native-haptic-feedback/ios/RNReactNativeHapticFeedback.xcodeproj"; sourceTree = "<group>"; };
		2E52BB922B98490B00297EBB /* libRNReactNativeHapticFeedback.a */ = {isa = PBXFileReference; explicitFileType = archive.ar; path = libRNReactNativeHapticFeedback.a; sourceTree = BUILT_PRODUCTS_DIR; };
		34FB4917D3AF480FA7F48B05 /* SF-UI-Text-Heavy.otf */ = {isa = PBXFileReference; explicitFileType = undefined; fileEncoding = 9; includeInIndex = 0; lastKnownFileType = unknown; name = "SF-UI-Text-Heavy.otf"; path = "../src/shared/assets/fonts/SF-UI-Text-Heavy.otf"; sourceTree = "<group>"; };
		37EC92AA329745CF980E305C /* SF-UI-Text-Regular.otf */ = {isa = PBXFileReference; explicitFileType = undefined; fileEncoding = 9; includeInIndex = 0; lastKnownFileType = unknown; name = "SF-UI-Text-Regular.otf"; path = "../src/shared/assets/fonts/SF-UI-Text-Regular.otf"; sourceTree = "<group>"; };
		3C4996E4CEAB44C6BFEF5A02 /* SF-UI-Display-Semibold.otf */ = {isa = PBXFileReference; explicitFileType = undefined; fileEncoding = 9; includeInIndex = 0; lastKnownFileType = unknown; name = "SF-UI-Display-Semibold.otf"; path = "../src/shared/assets/fonts/SF-UI-Display-Semibold.otf"; sourceTree = "<group>"; };
		4C835A1CB20445A1B18ECE13 /* SF-UI-Display-Black.otf */ = {isa = PBXFileReference; explicitFileType = undefined; fileEncoding = 9; includeInIndex = 0; lastKnownFileType = unknown; name = "SF-UI-Display-Black.otf"; path = "../src/shared/assets/fonts/SF-UI-Display-Black.otf"; sourceTree = "<group>"; };
		553F4296B2194944B88356A7 /* SF-UI-Display-Light.otf */ = {isa = PBXFileReference; explicitFileType = undefined; fileEncoding = 9; includeInIndex = 0; lastKnownFileType = unknown; name = "SF-UI-Display-Light.otf"; path = "../src/shared/assets/fonts/SF-UI-Display-Light.otf"; sourceTree = "<group>"; };
		5AFD88E347924075AA451EB3 /* SF-Compact-Text-Semibold.otf */ = {isa = PBXFileReference; explicitFileType = undefined; fileEncoding = 9; includeInIndex = 0; lastKnownFileType = unknown; name = "SF-Compact-Text-Semibold.otf"; path = "../src/shared/assets/fonts/SF-Compact-Text-Semibold.otf"; sourceTree = "<group>"; };
		5D326B81A36131AC318AD9EC /* Pods-CoffeTime-CoffeTimeTests.debug.xcconfig */ = {isa = PBXFileReference; includeInIndex = 1; lastKnownFileType = text.xcconfig; name = "Pods-CoffeTime-CoffeTimeTests.debug.xcconfig"; path = "Target Support Files/Pods-CoffeTime-CoffeTimeTests/Pods-CoffeTime-CoffeTimeTests.debug.xcconfig"; sourceTree = "<group>"; };
		5E2E048E1AD4407EAAD7174D /* SF-UI-Text-Medium.otf */ = {isa = PBXFileReference; explicitFileType = undefined; fileEncoding = 9; includeInIndex = 0; lastKnownFileType = unknown; name = "SF-UI-Text-Medium.otf"; path = "../src/shared/assets/fonts/SF-UI-Text-Medium.otf"; sourceTree = "<group>"; };
		5E38E12E8AE5C43AF63728A8 /* Pods-CoffeTime-CoffeTimeTests.release.xcconfig */ = {isa = PBXFileReference; includeInIndex = 1; lastKnownFileType = text.xcconfig; name = "Pods-CoffeTime-CoffeTimeTests.release.xcconfig"; path = "Target Support Files/Pods-CoffeTime-CoffeTimeTests/Pods-CoffeTime-CoffeTimeTests.release.xcconfig"; sourceTree = "<group>"; };
		63ACC78FC4A643908EAEA66D /* SF-UI-Display-Heavy.otf */ = {isa = PBXFileReference; explicitFileType = undefined; fileEncoding = 9; includeInIndex = 0; lastKnownFileType = unknown; name = "SF-UI-Display-Heavy.otf"; path = "../src/shared/assets/fonts/SF-UI-Display-Heavy.otf"; sourceTree = "<group>"; };
		64540F37624A4D5A803BCBF4 /* SF-UI-Display-Ultralight.otf */ = {isa = PBXFileReference; explicitFileType = undefined; fileEncoding = 9; includeInIndex = 0; lastKnownFileType = unknown; name = "SF-UI-Display-Ultralight.otf"; path = "../src/shared/assets/fonts/SF-UI-Display-Ultralight.otf"; sourceTree = "<group>"; };
		67DAD89638284BB395301713 /* SF-UI-Display-Medium.otf */ = {isa = PBXFileReference; explicitFileType = undefined; fileEncoding = 9; includeInIndex = 0; lastKnownFileType = unknown; name = "SF-UI-Display-Medium.otf"; path = "../src/shared/assets/fonts/SF-UI-Display-Medium.otf"; sourceTree = "<group>"; };
		6B40439AFC1D4EC08D9CBF97 /* SF-Compact-Text-RegularItalic.otf */ = {isa = PBXFileReference; explicitFileType = undefined; fileEncoding = 9; includeInIndex = 0; lastKnownFileType = unknown; name = "SF-Compact-Text-RegularItalic.otf"; path = "../src/shared/assets/fonts/SF-Compact-Text-RegularItalic.otf"; sourceTree = "<group>"; };
		6B9CD5E66C24478CACA2B02B /* SF-Compact-Display-Semibold.otf */ = {isa = PBXFileReference; explicitFileType = undefined; fileEncoding = 9; includeInIndex = 0; lastKnownFileType = unknown; name = "SF-Compact-Display-Semibold.otf"; path = "../src/shared/assets/fonts/SF-Compact-Display-Semibold.otf"; sourceTree = "<group>"; };
		712B4909A950C5FDBFF5C2C3 /* libPods-CoffeTime.a */ = {isa = PBXFileReference; explicitFileType = archive.ar; includeInIndex = 0; path = "libPods-CoffeTime.a"; sourceTree = BUILT_PRODUCTS_DIR; };
		742469EAF84546DBAEADA932 /* SF-UI-Display-Regular.otf */ = {isa = PBXFileReference; explicitFileType = undefined; fileEncoding = 9; includeInIndex = 0; lastKnownFileType = unknown; name = "SF-UI-Display-Regular.otf"; path = "../src/shared/assets/fonts/SF-UI-Display-Regular.otf"; sourceTree = "<group>"; };
		74E87709C99C410FA757DDBE /* SF-Compact-Display-Bold.otf */ = {isa = PBXFileReference; explicitFileType = undefined; fileEncoding = 9; includeInIndex = 0; lastKnownFileType = unknown; name = "SF-Compact-Display-Bold.otf"; path = "../src/shared/assets/fonts/SF-Compact-Display-Bold.otf"; sourceTree = "<group>"; };
		77BDB457DDD34243BEBA80F7 /* SF-Compact-Text-BoldItalic.otf */ = {isa = PBXFileReference; explicitFileType = undefined; fileEncoding = 9; includeInIndex = 0; lastKnownFileType = unknown; name = "SF-Compact-Text-BoldItalic.otf"; path = "../src/shared/assets/fonts/SF-Compact-Text-BoldItalic.otf"; sourceTree = "<group>"; };
		7C97A99E730145E5A3B4C207 /* SF-Compact-Display-Heavy.otf */ = {isa = PBXFileReference; explicitFileType = undefined; fileEncoding = 9; includeInIndex = 0; lastKnownFileType = unknown; name = "SF-Compact-Display-Heavy.otf"; path = "../src/shared/assets/fonts/SF-Compact-Display-Heavy.otf"; sourceTree = "<group>"; };
		81AB9BB72411601600AC10FF /* LaunchScreen.storyboard */ = {isa = PBXFileReference; fileEncoding = 4; lastKnownFileType = file.storyboard; name = LaunchScreen.storyboard; path = CoffeTime/LaunchScreen.storyboard; sourceTree = "<group>"; };
		87B58E1706C446DBADA9AB35 /* Lobster-Regular.ttf */ = {isa = PBXFileReference; explicitFileType = undefined; fileEncoding = 9; includeInIndex = 0; lastKnownFileType = unknown; name = "Lobster-Regular.ttf"; path = "../src/shared/assets/fonts/Lobster-Regular.ttf"; sourceTree = "<group>"; };
		91B7242D7B00420FADE17A67 /* SF-Compact-Display-Regular.otf */ = {isa = PBXFileReference; explicitFileType = undefined; fileEncoding = 9; includeInIndex = 0; lastKnownFileType = unknown; name = "SF-Compact-Display-Regular.otf"; path = "../src/shared/assets/fonts/SF-Compact-Display-Regular.otf"; sourceTree = "<group>"; };
		93F12A2614A941C387C57108 /* SF-Compact-Text-MediumItalic.otf */ = {isa = PBXFileReference; explicitFileType = undefined; fileEncoding = 9; includeInIndex = 0; lastKnownFileType = unknown; name = "SF-Compact-Text-MediumItalic.otf"; path = "../src/shared/assets/fonts/SF-Compact-Text-MediumItalic.otf"; sourceTree = "<group>"; };
		983653FFB3A646338C2FC208 /* SF-UI-Text-HeavyItalic.otf */ = {isa = PBXFileReference; explicitFileType = undefined; fileEncoding = 9; includeInIndex = 0; lastKnownFileType = unknown; name = "SF-UI-Text-HeavyItalic.otf"; path = "../src/shared/assets/fonts/SF-UI-Text-HeavyItalic.otf"; sourceTree = "<group>"; };
		A4D568A1093A4229BEE70568 /* SF-UI-Text-Light.otf */ = {isa = PBXFileReference; explicitFileType = undefined; fileEncoding = 9; includeInIndex = 0; lastKnownFileType = unknown; name = "SF-UI-Text-Light.otf"; path = "../src/shared/assets/fonts/SF-UI-Text-Light.otf"; sourceTree = "<group>"; };
		ACB9B03410364AC0B2CEC61F /* SF-Compact-Text-SemiboldItalic.otf */ = {isa = PBXFileReference; explicitFileType = undefined; fileEncoding = 9; includeInIndex = 0; lastKnownFileType = unknown; name = "SF-Compact-Text-SemiboldItalic.otf"; path = "../src/shared/assets/fonts/SF-Compact-Text-SemiboldItalic.otf"; sourceTree = "<group>"; };
		B0383A755BCE41EFB0C0612C /* SF-Compact-Display-Ultralight.otf */ = {isa = PBXFileReference; explicitFileType = undefined; fileEncoding = 9; includeInIndex = 0; lastKnownFileType = unknown; name = "SF-Compact-Display-Ultralight.otf"; path = "../src/shared/assets/fonts/SF-Compact-Display-Ultralight.otf"; sourceTree = "<group>"; };
		B0E7164D2C0E4F50B3DDCF16 /* SF-Compact-Text-Medium.otf */ = {isa = PBXFileReference; explicitFileType = undefined; fileEncoding = 9; includeInIndex = 0; lastKnownFileType = unknown; name = "SF-Compact-Text-Medium.otf"; path = "../src/shared/assets/fonts/SF-Compact-Text-Medium.otf"; sourceTree = "<group>"; };
		B2F8A9B9488C4E62B96518EB /* SF-Compact-Display-Light.otf */ = {isa = PBXFileReference; explicitFileType = undefined; fileEncoding = 9; includeInIndex = 0; lastKnownFileType = unknown; name = "SF-Compact-Display-Light.otf"; path = "../src/shared/assets/fonts/SF-Compact-Display-Light.otf"; sourceTree = "<group>"; };
		BA39D4DC7D774DE9AB403CA5 /* SF-UI-Text-SemiboldItalic.otf */ = {isa = PBXFileReference; explicitFileType = undefined; fileEncoding = 9; includeInIndex = 0; lastKnownFileType = unknown; name = "SF-UI-Text-SemiboldItalic.otf"; path = "../src/shared/assets/fonts/SF-UI-Text-SemiboldItalic.otf"; sourceTree = "<group>"; };
		C683709A9E2746A8B080C381 /* SF-Compact-Display-Thin.otf */ = {isa = PBXFileReference; explicitFileType = undefined; fileEncoding = 9; includeInIndex = 0; lastKnownFileType = unknown; name = "SF-Compact-Display-Thin.otf"; path = "../src/shared/assets/fonts/SF-Compact-Display-Thin.otf"; sourceTree = "<group>"; };
		C7B1CCD053A044C2A5D687F5 /* SF-UI-Text-Bold.otf */ = {isa = PBXFileReference; explicitFileType = undefined; fileEncoding = 9; includeInIndex = 0; lastKnownFileType = unknown; name = "SF-UI-Text-Bold.otf"; path = "../src/shared/assets/fonts/SF-UI-Text-Bold.otf"; sourceTree = "<group>"; };
		CD554A90787DC351D50B5CE6 /* Pods-CoffeTime.debug.xcconfig */ = {isa = PBXFileReference; includeInIndex = 1; lastKnownFileType = text.xcconfig; name = "Pods-CoffeTime.debug.xcconfig"; path = "Target Support Files/Pods-CoffeTime/Pods-CoffeTime.debug.xcconfig"; sourceTree = "<group>"; };
		D9EA397CCFC04EB2810F00EB /* SF-UI-Text-RegularItalic.otf */ = {isa = PBXFileReference; explicitFileType = undefined; fileEncoding = 9; includeInIndex = 0; lastKnownFileType = unknown; name = "SF-UI-Text-RegularItalic.otf"; path = "../src/shared/assets/fonts/SF-UI-Text-RegularItalic.otf"; sourceTree = "<group>"; };
		DF91675A180D46C68B5B4587 /* SF-UI-Display-Bold.otf */ = {isa = PBXFileReference; explicitFileType = undefined; fileEncoding = 9; includeInIndex = 0; lastKnownFileType = unknown; name = "SF-UI-Display-Bold.otf"; path = "../src/shared/assets/fonts/SF-UI-Display-Bold.otf"; sourceTree = "<group>"; };
		DFFCEC7BDC4E4B5898D70858 /* SF-Compact-Display-Black.otf */ = {isa = PBXFileReference; explicitFileType = undefined; fileEncoding = 9; includeInIndex = 0; lastKnownFileType = unknown; name = "SF-Compact-Display-Black.otf"; path = "../src/shared/assets/fonts/SF-Compact-Display-Black.otf"; sourceTree = "<group>"; };
		ED297162215061F000B7C4FE /* JavaScriptCore.framework */ = {isa = PBXFileReference; lastKnownFileType = wrapper.framework; name = JavaScriptCore.framework; path = System/Library/Frameworks/JavaScriptCore.framework; sourceTree = SDKROOT; };
		F134C4B0BA18464F86C622F5 /* SF-UI-Text-LightItalic.otf */ = {isa = PBXFileReference; explicitFileType = undefined; fileEncoding = 9; includeInIndex = 0; lastKnownFileType = unknown; name = "SF-UI-Text-LightItalic.otf"; path = "../src/shared/assets/fonts/SF-UI-Text-LightItalic.otf"; sourceTree = "<group>"; };
		F380710F8CA5400CB641E7F1 /* SF-Compact-Text-Regular.otf */ = {isa = PBXFileReference; explicitFileType = undefined; fileEncoding = 9; includeInIndex = 0; lastKnownFileType = unknown; name = "SF-Compact-Text-Regular.otf"; path = "../src/shared/assets/fonts/SF-Compact-Text-Regular.otf"; sourceTree = "<group>"; };
		FBC624D567354428BC1234AA /* SF-Compact-Display-Medium.otf */ = {isa = PBXFileReference; explicitFileType = undefined; fileEncoding = 9; includeInIndex = 0; lastKnownFileType = unknown; name = "SF-Compact-Display-Medium.otf"; path = "../src/shared/assets/fonts/SF-Compact-Display-Medium.otf"; sourceTree = "<group>"; };
		FD7841AAE6624768AADBA49E /* SF-Compact-Text-Light.otf */ = {isa = PBXFileReference; explicitFileType = undefined; fileEncoding = 9; includeInIndex = 0; lastKnownFileType = unknown; name = "SF-Compact-Text-Light.otf"; path = "../src/shared/assets/fonts/SF-Compact-Text-Light.otf"; sourceTree = "<group>"; };
/* End PBXFileReference section */

/* Begin PBXFrameworksBuildPhase section */
		00E356EB1AD99517003FC87E /* Frameworks */ = {
			isa = PBXFrameworksBuildPhase;
			buildActionMask = 2147483647;
			files = (
				8C193ED3F9CDF4B7B19C9E57 /* libPods-CoffeTime-CoffeTimeTests.a in Frameworks */,
			);
			runOnlyForDeploymentPostprocessing = 0;
		};
		13B07F8C1A680F5B00A75B9A /* Frameworks */ = {
			isa = PBXFrameworksBuildPhase;
			buildActionMask = 2147483647;
			files = (
				2E52BB932B98490B00297EBB /* libRNReactNativeHapticFeedback.a in Frameworks */,
				C49AB227E89FEED839B953E1 /* libPods-CoffeTime.a in Frameworks */,
			);
			runOnlyForDeploymentPostprocessing = 0;
		};
/* End PBXFrameworksBuildPhase section */

/* Begin PBXGroup section */
		00E356EF1AD99517003FC87E /* CoffeTimeTests */ = {
			isa = PBXGroup;
			children = (
				00E356F21AD99517003FC87E /* CoffeTimeTests.m */,
				00E356F01AD99517003FC87E /* Supporting Files */,
			);
			path = CoffeTimeTests;
			sourceTree = "<group>";
		};
		00E356F01AD99517003FC87E /* Supporting Files */ = {
			isa = PBXGroup;
			children = (
				00E356F11AD99517003FC87E /* Info.plist */,
			);
			name = "Supporting Files";
			sourceTree = "<group>";
		};
		07DF4B7D13EC4920BAE005D9 /* Resources */ = {
			isa = PBXGroup;
			children = (
				DFFCEC7BDC4E4B5898D70858 /* SF-Compact-Display-Black.otf */,
				74E87709C99C410FA757DDBE /* SF-Compact-Display-Bold.otf */,
				7C97A99E730145E5A3B4C207 /* SF-Compact-Display-Heavy.otf */,
				B2F8A9B9488C4E62B96518EB /* SF-Compact-Display-Light.otf */,
				FBC624D567354428BC1234AA /* SF-Compact-Display-Medium.otf */,
				91B7242D7B00420FADE17A67 /* SF-Compact-Display-Regular.otf */,
				6B9CD5E66C24478CACA2B02B /* SF-Compact-Display-Semibold.otf */,
				C683709A9E2746A8B080C381 /* SF-Compact-Display-Thin.otf */,
				B0383A755BCE41EFB0C0612C /* SF-Compact-Display-Ultralight.otf */,
				05956C7739C14EE8B8CC0E2E /* SF-Compact-Text-Bold.otf */,
				77BDB457DDD34243BEBA80F7 /* SF-Compact-Text-BoldItalic.otf */,
				2C3602ED24314642B38E0EEC /* SF-Compact-Text-Heavy.otf */,
				2D7755AD18A242EBB5EE5B3D /* SF-Compact-Text-HeavyItalic.otf */,
				FD7841AAE6624768AADBA49E /* SF-Compact-Text-Light.otf */,
				14D459D4CBF04DBC8277352C /* SF-Compact-Text-LightItalic.otf */,
				B0E7164D2C0E4F50B3DDCF16 /* SF-Compact-Text-Medium.otf */,
				93F12A2614A941C387C57108 /* SF-Compact-Text-MediumItalic.otf */,
				F380710F8CA5400CB641E7F1 /* SF-Compact-Text-Regular.otf */,
				6B40439AFC1D4EC08D9CBF97 /* SF-Compact-Text-RegularItalic.otf */,
				5AFD88E347924075AA451EB3 /* SF-Compact-Text-Semibold.otf */,
				ACB9B03410364AC0B2CEC61F /* SF-Compact-Text-SemiboldItalic.otf */,
				4C835A1CB20445A1B18ECE13 /* SF-UI-Display-Black.otf */,
				DF91675A180D46C68B5B4587 /* SF-UI-Display-Bold.otf */,
				63ACC78FC4A643908EAEA66D /* SF-UI-Display-Heavy.otf */,
				553F4296B2194944B88356A7 /* SF-UI-Display-Light.otf */,
				67DAD89638284BB395301713 /* SF-UI-Display-Medium.otf */,
				742469EAF84546DBAEADA932 /* SF-UI-Display-Regular.otf */,
				3C4996E4CEAB44C6BFEF5A02 /* SF-UI-Display-Semibold.otf */,
				2158353F84F1469CA38B04AC /* SF-UI-Display-Thin.otf */,
				64540F37624A4D5A803BCBF4 /* SF-UI-Display-Ultralight.otf */,
				C7B1CCD053A044C2A5D687F5 /* SF-UI-Text-Bold.otf */,
				0C3AF1756F9F40ACBB4C5ABB /* SF-UI-Text-BoldItalic.otf */,
				34FB4917D3AF480FA7F48B05 /* SF-UI-Text-Heavy.otf */,
				983653FFB3A646338C2FC208 /* SF-UI-Text-HeavyItalic.otf */,
				A4D568A1093A4229BEE70568 /* SF-UI-Text-Light.otf */,
				F134C4B0BA18464F86C622F5 /* SF-UI-Text-LightItalic.otf */,
				5E2E048E1AD4407EAAD7174D /* SF-UI-Text-Medium.otf */,
				1C29B00C55B5475285695D32 /* SF-UI-Text-MediumItalic.otf */,
				37EC92AA329745CF980E305C /* SF-UI-Text-Regular.otf */,
				D9EA397CCFC04EB2810F00EB /* SF-UI-Text-RegularItalic.otf */,
				2732B61518EC4808B7374A13 /* SF-UI-Text-Semibold.otf */,
				BA39D4DC7D774DE9AB403CA5 /* SF-UI-Text-SemiboldItalic.otf */,
				87B58E1706C446DBADA9AB35 /* Lobster-Regular.ttf */,
			);
			name = Resources;
			sourceTree = "<group>";
		};
		13B07FAE1A68108700A75B9A /* CoffeTime */ = {
			isa = PBXGroup;
			children = (
				13B07FAF1A68108700A75B9A /* AppDelegate.h */,
				13B07FB01A68108700A75B9A /* AppDelegate.mm */,
				13B07FB51A68108700A75B9A /* Images.xcassets */,
				13B07FB61A68108700A75B9A /* Info.plist */,
				81AB9BB72411601600AC10FF /* LaunchScreen.storyboard */,
				13B07FB71A68108700A75B9A /* main.m */,
			);
			name = CoffeTime;
			sourceTree = "<group>";
		};
		2D16E6871FA4F8E400B85C8A /* Frameworks */ = {
			isa = PBXGroup;
			children = (
				2E52BB922B98490B00297EBB /* libRNReactNativeHapticFeedback.a */,
				ED297162215061F000B7C4FE /* JavaScriptCore.framework */,
				712B4909A950C5FDBFF5C2C3 /* libPods-CoffeTime.a */,
				0132F6B4AF25A99935FA96E2 /* libPods-CoffeTime-CoffeTimeTests.a */,
			);
			name = Frameworks;
			sourceTree = "<group>";
		};
		2E52BB902B98488700297EBB /* Products */ = {
			isa = PBXGroup;
			name = Products;
			sourceTree = "<group>";
		};
		832341AE1AAA6A7D00B99B32 /* Libraries */ = {
			isa = PBXGroup;
			children = (
				2E52BB8F2B98488700297EBB /* RNReactNativeHapticFeedback.xcodeproj */,
			);
			name = Libraries;
			sourceTree = "<group>";
		};
		83CBB9F61A601CBA00E9B192 = {
			isa = PBXGroup;
			children = (
				13B07FAE1A68108700A75B9A /* CoffeTime */,
				832341AE1AAA6A7D00B99B32 /* Libraries */,
				00E356EF1AD99517003FC87E /* CoffeTimeTests */,
				83CBBA001A601CBA00E9B192 /* Products */,
				2D16E6871FA4F8E400B85C8A /* Frameworks */,
				BBD78D7AC51CEA395F1C20DB /* Pods */,
				07DF4B7D13EC4920BAE005D9 /* Resources */,
			);
			indentWidth = 2;
			sourceTree = "<group>";
			tabWidth = 2;
			usesTabs = 0;
		};
		83CBBA001A601CBA00E9B192 /* Products */ = {
			isa = PBXGroup;
			children = (
				13B07F961A680F5B00A75B9A /* CoffeTime.app */,
				00E356EE1AD99517003FC87E /* CoffeTimeTests.xctest */,
			);
			name = Products;
			sourceTree = "<group>";
		};
		BBD78D7AC51CEA395F1C20DB /* Pods */ = {
			isa = PBXGroup;
			children = (
				CD554A90787DC351D50B5CE6 /* Pods-CoffeTime.debug.xcconfig */,
				08B74E4522A9BDA95A110587 /* Pods-CoffeTime.release.xcconfig */,
				5D326B81A36131AC318AD9EC /* Pods-CoffeTime-CoffeTimeTests.debug.xcconfig */,
				5E38E12E8AE5C43AF63728A8 /* Pods-CoffeTime-CoffeTimeTests.release.xcconfig */,
			);
			path = Pods;
			sourceTree = "<group>";
		};
/* End PBXGroup section */

/* Begin PBXNativeTarget section */
		00E356ED1AD99517003FC87E /* CoffeTimeTests */ = {
			isa = PBXNativeTarget;
			buildConfigurationList = 00E357021AD99517003FC87E /* Build configuration list for PBXNativeTarget "CoffeTimeTests" */;
			buildPhases = (
				4FE39D8B919E4ECC3641C450 /* [CP] Check Pods Manifest.lock */,
				00E356EA1AD99517003FC87E /* Sources */,
				00E356EB1AD99517003FC87E /* Frameworks */,
				00E356EC1AD99517003FC87E /* Resources */,
				9F2739F13A7DB7D9EBF1B32C /* [CP] Embed Pods Frameworks */,
				C4DC289C953D287D25714698 /* [CP] Copy Pods Resources */,
			);
			buildRules = (
			);
			dependencies = (
				00E356F51AD99517003FC87E /* PBXTargetDependency */,
			);
			name = CoffeTimeTests;
			productName = CoffeTimeTests;
			productReference = 00E356EE1AD99517003FC87E /* CoffeTimeTests.xctest */;
			productType = "com.apple.product-type.bundle.unit-test";
		};
		13B07F861A680F5B00A75B9A /* CoffeTime */ = {
			isa = PBXNativeTarget;
			buildConfigurationList = 13B07F931A680F5B00A75B9A /* Build configuration list for PBXNativeTarget "CoffeTime" */;
			buildPhases = (
				537F8CF8F68B6AC2C00E46DD /* [CP] Check Pods Manifest.lock */,
				13B07F871A680F5B00A75B9A /* Sources */,
				13B07F8C1A680F5B00A75B9A /* Frameworks */,
				13B07F8E1A680F5B00A75B9A /* Resources */,
				00DD1BFF1BD5951E006B06BC /* Bundle React Native code and images */,
				01C216989FD87DD3711B89CF /* [CP] Embed Pods Frameworks */,
				DDE157133CF3401CA86625B4 /* [CP] Copy Pods Resources */,
			);
			buildRules = (
			);
			dependencies = (
			);
			name = CoffeTime;
			productName = CoffeTime;
			productReference = 13B07F961A680F5B00A75B9A /* CoffeTime.app */;
			productType = "com.apple.product-type.application";
		};
/* End PBXNativeTarget section */

/* Begin PBXProject section */
		83CBB9F71A601CBA00E9B192 /* Project object */ = {
			isa = PBXProject;
			attributes = {
				LastUpgradeCheck = 1210;
				TargetAttributes = {
					00E356ED1AD99517003FC87E = {
						CreatedOnToolsVersion = 6.2;
						TestTargetID = 13B07F861A680F5B00A75B9A;
					};
					13B07F861A680F5B00A75B9A = {
						LastSwiftMigration = 1120;
					};
				};
			};
			buildConfigurationList = 83CBB9FA1A601CBA00E9B192 /* Build configuration list for PBXProject "CoffeTime" */;
			compatibilityVersion = "Xcode 12.0";
			developmentRegion = en;
			hasScannedForEncodings = 0;
			knownRegions = (
				en,
				Base,
			);
			mainGroup = 83CBB9F61A601CBA00E9B192;
			productRefGroup = 83CBBA001A601CBA00E9B192 /* Products */;
			projectDirPath = "";
			projectReferences = (
				{
					ProductGroup = 2E52BB902B98488700297EBB /* Products */;
					ProjectRef = 2E52BB8F2B98488700297EBB /* RNReactNativeHapticFeedback.xcodeproj */;
				},
			);
			projectRoot = "";
			targets = (
				13B07F861A680F5B00A75B9A /* CoffeTime */,
				00E356ED1AD99517003FC87E /* CoffeTimeTests */,
			);
		};
/* End PBXProject section */

/* Begin PBXResourcesBuildPhase section */
		00E356EC1AD99517003FC87E /* Resources */ = {
			isa = PBXResourcesBuildPhase;
			buildActionMask = 2147483647;
			files = (
			);
			runOnlyForDeploymentPostprocessing = 0;
		};
		13B07F8E1A680F5B00A75B9A /* Resources */ = {
			isa = PBXResourcesBuildPhase;
			buildActionMask = 2147483647;
			files = (
				81AB9BB82411601600AC10FF /* LaunchScreen.storyboard in Resources */,
				13B07FBF1A68108700A75B9A /* Images.xcassets in Resources */,
				F428C9EA5D5040AAA8E6CD10 /* SF-Compact-Display-Black.otf in Resources */,
				CF3C5C0AF5E341709489E6DD /* SF-Compact-Display-Bold.otf in Resources */,
				0DB623371FEE4A64920136E3 /* SF-Compact-Display-Heavy.otf in Resources */,
				2BE8F80D184B461991063B25 /* SF-Compact-Display-Light.otf in Resources */,
				2A43324A30354749BEA2562D /* SF-Compact-Display-Medium.otf in Resources */,
				AA4F9B103958447C97B4E493 /* SF-Compact-Display-Regular.otf in Resources */,
				F6BD6F4A8F9F4BB08B66B92B /* SF-Compact-Display-Semibold.otf in Resources */,
				AF2803B2F33548C79DB04FE8 /* SF-Compact-Display-Thin.otf in Resources */,
				0F991ED573E345C59A2176BA /* SF-Compact-Display-Ultralight.otf in Resources */,
				6799E72B95C641D9BF784CDE /* SF-Compact-Text-Bold.otf in Resources */,
				2F24D6EAF0D44E0B815536E9 /* SF-Compact-Text-BoldItalic.otf in Resources */,
				B849CA620BE643DCAE03F80B /* SF-Compact-Text-Heavy.otf in Resources */,
				E86473F12BA845B693A77477 /* SF-Compact-Text-HeavyItalic.otf in Resources */,
				B0D6D792D7BC43008CEA77E7 /* SF-Compact-Text-Light.otf in Resources */,
				5FF67D3315BC40D2BFB5131B /* SF-Compact-Text-LightItalic.otf in Resources */,
				FBBC7D746F1A469E90F094E3 /* SF-Compact-Text-Medium.otf in Resources */,
				0F1583ACA42142C9A6AA50FD /* SF-Compact-Text-MediumItalic.otf in Resources */,
				7AE704AACAF04759A45FF95C /* SF-Compact-Text-Regular.otf in Resources */,
				4F15320F71EB400B92E1AD72 /* SF-Compact-Text-RegularItalic.otf in Resources */,
				9EE669B2D9F64879A5176D52 /* SF-Compact-Text-Semibold.otf in Resources */,
				D56FEAFD09B94EB1A9FD752B /* SF-Compact-Text-SemiboldItalic.otf in Resources */,
				C29B7B889B9349349B178702 /* SF-UI-Display-Black.otf in Resources */,
				EEB7A19EB99A4485AE9A2AD1 /* SF-UI-Display-Bold.otf in Resources */,
				E753B48DB7A847ADAA0782D8 /* SF-UI-Display-Heavy.otf in Resources */,
				1656FA04215D463FBABE63B5 /* SF-UI-Display-Light.otf in Resources */,
				4A8ED73634A5460FA3C7BE6E /* SF-UI-Display-Medium.otf in Resources */,
				40D00E240DC648CAAE800F6F /* SF-UI-Display-Regular.otf in Resources */,
				6439142B03C6430B8E473B88 /* SF-UI-Display-Semibold.otf in Resources */,
				F4EF713E329A4841B4801195 /* SF-UI-Display-Thin.otf in Resources */,
				314F8E699BB0414F873F5B09 /* SF-UI-Display-Ultralight.otf in Resources */,
				97390382223146AF97805662 /* SF-UI-Text-Bold.otf in Resources */,
				EB84C279E42742ABA8A45D52 /* SF-UI-Text-BoldItalic.otf in Resources */,
				EC04A37F75EE411DBDAE4FA4 /* SF-UI-Text-Heavy.otf in Resources */,
				4813ACC8F6804A1A8CD744BA /* SF-UI-Text-HeavyItalic.otf in Resources */,
				2AE42BE1ABED4661BE818A4B /* SF-UI-Text-Light.otf in Resources */,
				771E687DD2D24D58BBFDD94C /* SF-UI-Text-LightItalic.otf in Resources */,
				1C6FE46D50234F0AAF50D0C2 /* SF-UI-Text-Medium.otf in Resources */,
				5BD08662698F471D9B03AD3B /* SF-UI-Text-MediumItalic.otf in Resources */,
				2E74E56C441140D1AF8EFA12 /* SF-UI-Text-Regular.otf in Resources */,
				22A79A6A2EFF424A91201B3D /* SF-UI-Text-RegularItalic.otf in Resources */,
				6DD98956AA6A4F0EAE9D7511 /* SF-UI-Text-Semibold.otf in Resources */,
				2CD886D0A84148DABD3513CA /* SF-UI-Text-SemiboldItalic.otf in Resources */,
				93861F12DA934FE28FC00A15 /* Lobster-Regular.ttf in Resources */,
			);
			runOnlyForDeploymentPostprocessing = 0;
		};
/* End PBXResourcesBuildPhase section */

/* Begin PBXShellScriptBuildPhase section */
		00DD1BFF1BD5951E006B06BC /* Bundle React Native code and images */ = {
			isa = PBXShellScriptBuildPhase;
			buildActionMask = 2147483647;
			files = (
			);
			inputPaths = (
				"$(SRCROOT)/.xcode.env.local",
				"$(SRCROOT)/.xcode.env",
			);
			name = "Bundle React Native code and images";
			outputPaths = (
			);
			runOnlyForDeploymentPostprocessing = 0;
			shellPath = /bin/sh;
			shellScript = "set -e\n\nWITH_ENVIRONMENT=\"../node_modules/react-native/scripts/xcode/with-environment.sh\"\nREACT_NATIVE_XCODE=\"../node_modules/react-native/scripts/react-native-xcode.sh\"\n\n/bin/sh -c \"$WITH_ENVIRONMENT $REACT_NATIVE_XCODE\"\n";
		};
		01C216989FD87DD3711B89CF /* [CP] Embed Pods Frameworks */ = {
			isa = PBXShellScriptBuildPhase;
			buildActionMask = 2147483647;
			files = (
			);
			inputFileListPaths = (
				"${PODS_ROOT}/Target Support Files/Pods-CoffeTime/Pods-CoffeTime-frameworks-${CONFIGURATION}-input-files.xcfilelist",
			);
			name = "[CP] Embed Pods Frameworks";
			outputFileListPaths = (
				"${PODS_ROOT}/Target Support Files/Pods-CoffeTime/Pods-CoffeTime-frameworks-${CONFIGURATION}-output-files.xcfilelist",
			);
			runOnlyForDeploymentPostprocessing = 0;
			shellPath = /bin/sh;
			shellScript = "\"${PODS_ROOT}/Target Support Files/Pods-CoffeTime/Pods-CoffeTime-frameworks.sh\"\n";
			showEnvVarsInLog = 0;
		};
		4FE39D8B919E4ECC3641C450 /* [CP] Check Pods Manifest.lock */ = {
			isa = PBXShellScriptBuildPhase;
			buildActionMask = 2147483647;
			files = (
			);
			inputFileListPaths = (
			);
			inputPaths = (
				"${PODS_PODFILE_DIR_PATH}/Podfile.lock",
				"${PODS_ROOT}/Manifest.lock",
			);
			name = "[CP] Check Pods Manifest.lock";
			outputFileListPaths = (
			);
			outputPaths = (
				"$(DERIVED_FILE_DIR)/Pods-CoffeTime-CoffeTimeTests-checkManifestLockResult.txt",
			);
			runOnlyForDeploymentPostprocessing = 0;
			shellPath = /bin/sh;
			shellScript = "diff \"${PODS_PODFILE_DIR_PATH}/Podfile.lock\" \"${PODS_ROOT}/Manifest.lock\" > /dev/null\nif [ $? != 0 ] ; then\n    # print error to STDERR\n    echo \"error: The sandbox is not in sync with the Podfile.lock. Run 'pod install' or update your CocoaPods installation.\" >&2\n    exit 1\nfi\n# This output is used by Xcode 'outputs' to avoid re-running this script phase.\necho \"SUCCESS\" > \"${SCRIPT_OUTPUT_FILE_0}\"\n";
			showEnvVarsInLog = 0;
		};
		537F8CF8F68B6AC2C00E46DD /* [CP] Check Pods Manifest.lock */ = {
			isa = PBXShellScriptBuildPhase;
			buildActionMask = 2147483647;
			files = (
			);
			inputFileListPaths = (
			);
			inputPaths = (
				"${PODS_PODFILE_DIR_PATH}/Podfile.lock",
				"${PODS_ROOT}/Manifest.lock",
			);
			name = "[CP] Check Pods Manifest.lock";
			outputFileListPaths = (
			);
			outputPaths = (
				"$(DERIVED_FILE_DIR)/Pods-CoffeTime-checkManifestLockResult.txt",
			);
			runOnlyForDeploymentPostprocessing = 0;
			shellPath = /bin/sh;
			shellScript = "diff \"${PODS_PODFILE_DIR_PATH}/Podfile.lock\" \"${PODS_ROOT}/Manifest.lock\" > /dev/null\nif [ $? != 0 ] ; then\n    # print error to STDERR\n    echo \"error: The sandbox is not in sync with the Podfile.lock. Run 'pod install' or update your CocoaPods installation.\" >&2\n    exit 1\nfi\n# This output is used by Xcode 'outputs' to avoid re-running this script phase.\necho \"SUCCESS\" > \"${SCRIPT_OUTPUT_FILE_0}\"\n";
			showEnvVarsInLog = 0;
		};
		9F2739F13A7DB7D9EBF1B32C /* [CP] Embed Pods Frameworks */ = {
			isa = PBXShellScriptBuildPhase;
			buildActionMask = 2147483647;
			files = (
			);
			inputFileListPaths = (
				"${PODS_ROOT}/Target Support Files/Pods-CoffeTime-CoffeTimeTests/Pods-CoffeTime-CoffeTimeTests-frameworks-${CONFIGURATION}-input-files.xcfilelist",
			);
			name = "[CP] Embed Pods Frameworks";
			outputFileListPaths = (
				"${PODS_ROOT}/Target Support Files/Pods-CoffeTime-CoffeTimeTests/Pods-CoffeTime-CoffeTimeTests-frameworks-${CONFIGURATION}-output-files.xcfilelist",
			);
			runOnlyForDeploymentPostprocessing = 0;
			shellPath = /bin/sh;
			shellScript = "\"${PODS_ROOT}/Target Support Files/Pods-CoffeTime-CoffeTimeTests/Pods-CoffeTime-CoffeTimeTests-frameworks.sh\"\n";
			showEnvVarsInLog = 0;
		};
		C4DC289C953D287D25714698 /* [CP] Copy Pods Resources */ = {
			isa = PBXShellScriptBuildPhase;
			buildActionMask = 2147483647;
			files = (
			);
			inputFileListPaths = (
				"${PODS_ROOT}/Target Support Files/Pods-CoffeTime-CoffeTimeTests/Pods-CoffeTime-CoffeTimeTests-resources-${CONFIGURATION}-input-files.xcfilelist",
			);
			name = "[CP] Copy Pods Resources";
			outputFileListPaths = (
				"${PODS_ROOT}/Target Support Files/Pods-CoffeTime-CoffeTimeTests/Pods-CoffeTime-CoffeTimeTests-resources-${CONFIGURATION}-output-files.xcfilelist",
			);
			runOnlyForDeploymentPostprocessing = 0;
			shellPath = /bin/sh;
			shellScript = "\"${PODS_ROOT}/Target Support Files/Pods-CoffeTime-CoffeTimeTests/Pods-CoffeTime-CoffeTimeTests-resources.sh\"\n";
			showEnvVarsInLog = 0;
		};
		DDE157133CF3401CA86625B4 /* [CP] Copy Pods Resources */ = {
			isa = PBXShellScriptBuildPhase;
			buildActionMask = 2147483647;
			files = (
			);
			inputFileListPaths = (
				"${PODS_ROOT}/Target Support Files/Pods-CoffeTime/Pods-CoffeTime-resources-${CONFIGURATION}-input-files.xcfilelist",
			);
			name = "[CP] Copy Pods Resources";
			outputFileListPaths = (
				"${PODS_ROOT}/Target Support Files/Pods-CoffeTime/Pods-CoffeTime-resources-${CONFIGURATION}-output-files.xcfilelist",
			);
			runOnlyForDeploymentPostprocessing = 0;
			shellPath = /bin/sh;
			shellScript = "\"${PODS_ROOT}/Target Support Files/Pods-CoffeTime/Pods-CoffeTime-resources.sh\"\n";
			showEnvVarsInLog = 0;
		};
/* End PBXShellScriptBuildPhase section */

/* Begin PBXSourcesBuildPhase section */
		00E356EA1AD99517003FC87E /* Sources */ = {
			isa = PBXSourcesBuildPhase;
			buildActionMask = 2147483647;
			files = (
				00E356F31AD99517003FC87E /* CoffeTimeTests.m in Sources */,
			);
			runOnlyForDeploymentPostprocessing = 0;
		};
		13B07F871A680F5B00A75B9A /* Sources */ = {
			isa = PBXSourcesBuildPhase;
			buildActionMask = 2147483647;
			files = (
				13B07FBC1A68108700A75B9A /* AppDelegate.mm in Sources */,
				13B07FC11A68108700A75B9A /* main.m in Sources */,
			);
			runOnlyForDeploymentPostprocessing = 0;
		};
/* End PBXSourcesBuildPhase section */

/* Begin PBXTargetDependency section */
		00E356F51AD99517003FC87E /* PBXTargetDependency */ = {
			isa = PBXTargetDependency;
			target = 13B07F861A680F5B00A75B9A /* CoffeTime */;
			targetProxy = 00E356F41AD99517003FC87E /* PBXContainerItemProxy */;
		};
/* End PBXTargetDependency section */

/* Begin XCBuildConfiguration section */
		00E356F61AD99517003FC87E /* Debug */ = {
			isa = XCBuildConfiguration;
			baseConfigurationReference = 5D326B81A36131AC318AD9EC /* Pods-CoffeTime-CoffeTimeTests.debug.xcconfig */;
			buildSettings = {
				BUNDLE_LOADER = "$(TEST_HOST)";
				GCC_PREPROCESSOR_DEFINITIONS = (
					"DEBUG=1",
					"$(inherited)",
				);
				INFOPLIST_FILE = CoffeTimeTests/Info.plist;
				IPHONEOS_DEPLOYMENT_TARGET = 13.4;
				LD_RUNPATH_SEARCH_PATHS = (
					"$(inherited)",
					"@executable_path/Frameworks",
					"@loader_path/Frameworks",
				);
				OTHER_LDFLAGS = (
					"-ObjC",
					"-lc++",
					"$(inherited)",
				);
				PRODUCT_BUNDLE_IDENTIFIER = "org.reactjs.native.example.$(PRODUCT_NAME:rfc1034identifier)";
				PRODUCT_NAME = "$(TARGET_NAME)";
				TEST_HOST = "$(BUILT_PRODUCTS_DIR)/CoffeTime.app/CoffeTime";
			};
			name = Debug;
		};
		00E356F71AD99517003FC87E /* Release */ = {
			isa = XCBuildConfiguration;
			baseConfigurationReference = 5E38E12E8AE5C43AF63728A8 /* Pods-CoffeTime-CoffeTimeTests.release.xcconfig */;
			buildSettings = {
				BUNDLE_LOADER = "$(TEST_HOST)";
				COPY_PHASE_STRIP = NO;
				INFOPLIST_FILE = CoffeTimeTests/Info.plist;
				IPHONEOS_DEPLOYMENT_TARGET = 13.4;
				LD_RUNPATH_SEARCH_PATHS = (
					"$(inherited)",
					"@executable_path/Frameworks",
					"@loader_path/Frameworks",
				);
				OTHER_LDFLAGS = (
					"-ObjC",
					"-lc++",
					"$(inherited)",
				);
				PRODUCT_BUNDLE_IDENTIFIER = "org.reactjs.native.example.$(PRODUCT_NAME:rfc1034identifier)";
				PRODUCT_NAME = "$(TARGET_NAME)";
				TEST_HOST = "$(BUILT_PRODUCTS_DIR)/CoffeTime.app/CoffeTime";
			};
			name = Release;
		};
		13B07F941A680F5B00A75B9A /* Debug */ = {
			isa = XCBuildConfiguration;
			baseConfigurationReference = CD554A90787DC351D50B5CE6 /* Pods-CoffeTime.debug.xcconfig */;
			buildSettings = {
				ASSETCATALOG_COMPILER_APPICON_NAME = AppIcon;
				CLANG_ENABLE_MODULES = YES;
				CURRENT_PROJECT_VERSION = 1;
				DEVELOPMENT_TEAM = 6N3SXWC7NX;
				ENABLE_BITCODE = NO;
				INFOPLIST_FILE = CoffeTime/Info.plist;
				LD_RUNPATH_SEARCH_PATHS = (
					"$(inherited)",
					"@executable_path/Frameworks",
				);
				MARKETING_VERSION = 1.0;
				OTHER_LDFLAGS = (
					"$(inherited)",
					"-ObjC",
					"-lc++",
				);
				PRODUCT_BUNDLE_IDENTIFIER = "org.reactjs.native.example.$(PRODUCT_NAME:rfc1034identifier)";
				PRODUCT_NAME = CoffeTime;
				SWIFT_OPTIMIZATION_LEVEL = "-Onone";
				SWIFT_VERSION = 5.0;
				VERSIONING_SYSTEM = "apple-generic";
			};
			name = Debug;
		};
		13B07F951A680F5B00A75B9A /* Release */ = {
			isa = XCBuildConfiguration;
			baseConfigurationReference = 08B74E4522A9BDA95A110587 /* Pods-CoffeTime.release.xcconfig */;
			buildSettings = {
				ASSETCATALOG_COMPILER_APPICON_NAME = AppIcon;
				CLANG_ENABLE_MODULES = YES;
				CURRENT_PROJECT_VERSION = 1;
				DEVELOPMENT_TEAM = 6N3SXWC7NX;
				INFOPLIST_FILE = CoffeTime/Info.plist;
				LD_RUNPATH_SEARCH_PATHS = (
					"$(inherited)",
					"@executable_path/Frameworks",
				);
				MARKETING_VERSION = 1.0;
				OTHER_LDFLAGS = (
					"$(inherited)",
					"-ObjC",
					"-lc++",
				);
				PRODUCT_BUNDLE_IDENTIFIER = "org.reactjs.native.example.$(PRODUCT_NAME:rfc1034identifier)";
				PRODUCT_NAME = CoffeTime;
				SWIFT_VERSION = 5.0;
				VERSIONING_SYSTEM = "apple-generic";
			};
			name = Release;
		};
		83CBBA201A601CBA00E9B192 /* Debug */ = {
			isa = XCBuildConfiguration;
			buildSettings = {
				ALWAYS_SEARCH_USER_PATHS = NO;
				CLANG_ANALYZER_LOCALIZABILITY_NONLOCALIZED = YES;
				CLANG_CXX_LANGUAGE_STANDARD = "c++20";
				CLANG_CXX_LIBRARY = "libc++";
				CLANG_ENABLE_MODULES = YES;
				CLANG_ENABLE_OBJC_ARC = YES;
				CLANG_WARN_BLOCK_CAPTURE_AUTORELEASING = YES;
				CLANG_WARN_BOOL_CONVERSION = YES;
				CLANG_WARN_COMMA = YES;
				CLANG_WARN_CONSTANT_CONVERSION = YES;
				CLANG_WARN_DEPRECATED_OBJC_IMPLEMENTATIONS = YES;
				CLANG_WARN_DIRECT_OBJC_ISA_USAGE = YES_ERROR;
				CLANG_WARN_EMPTY_BODY = YES;
				CLANG_WARN_ENUM_CONVERSION = YES;
				CLANG_WARN_INFINITE_RECURSION = YES;
				CLANG_WARN_INT_CONVERSION = YES;
				CLANG_WARN_NON_LITERAL_NULL_CONVERSION = YES;
				CLANG_WARN_OBJC_IMPLICIT_RETAIN_SELF = YES;
				CLANG_WARN_OBJC_LITERAL_CONVERSION = YES;
				CLANG_WARN_OBJC_ROOT_CLASS = YES_ERROR;
				CLANG_WARN_QUOTED_INCLUDE_IN_FRAMEWORK_HEADER = YES;
				CLANG_WARN_RANGE_LOOP_ANALYSIS = YES;
				CLANG_WARN_STRICT_PROTOTYPES = YES;
				CLANG_WARN_SUSPICIOUS_MOVE = YES;
				CLANG_WARN_UNREACHABLE_CODE = YES;
				CLANG_WARN__DUPLICATE_METHOD_MATCH = YES;
				"CODE_SIGN_IDENTITY[sdk=iphoneos*]" = "iPhone Developer";
				COPY_PHASE_STRIP = NO;
				ENABLE_STRICT_OBJC_MSGSEND = YES;
				ENABLE_TESTABILITY = YES;
				"EXCLUDED_ARCHS[sdk=iphonesimulator*]" = i386;
				GCC_C_LANGUAGE_STANDARD = gnu99;
				GCC_DYNAMIC_NO_PIC = NO;
				GCC_NO_COMMON_BLOCKS = YES;
				GCC_OPTIMIZATION_LEVEL = 0;
				GCC_PREPROCESSOR_DEFINITIONS = (
					"DEBUG=1",
					"$(inherited)",
				);
				GCC_SYMBOLS_PRIVATE_EXTERN = NO;
				GCC_WARN_64_TO_32_BIT_CONVERSION = YES;
				GCC_WARN_ABOUT_RETURN_TYPE = YES_ERROR;
				GCC_WARN_UNDECLARED_SELECTOR = YES;
				GCC_WARN_UNINITIALIZED_AUTOS = YES_AGGRESSIVE;
				GCC_WARN_UNUSED_FUNCTION = YES;
				GCC_WARN_UNUSED_VARIABLE = YES;
				IPHONEOS_DEPLOYMENT_TARGET = 13.4;
				LD_RUNPATH_SEARCH_PATHS = (
					/usr/lib/swift,
					"$(inherited)",
				);
				LIBRARY_SEARCH_PATHS = (
					"\"$(SDKROOT)/usr/lib/swift\"",
					"\"$(TOOLCHAIN_DIR)/usr/lib/swift/$(PLATFORM_NAME)\"",
					"\"$(inherited)\"",
				);
				MTL_ENABLE_DEBUG_INFO = YES;
				ONLY_ACTIVE_ARCH = YES;
				OTHER_CFLAGS = "$(inherited)";
				OTHER_CPLUSPLUSFLAGS = (
					"$(OTHER_CFLAGS)",
					"-DFOLLY_NO_CONFIG",
					"-DFOLLY_MOBILE=1",
					"-DFOLLY_USE_LIBCPP=1",
					"-DFOLLY_CFG_NO_COROUTINES=1",
				);
				OTHER_LDFLAGS = "$(inherited)  ";
				REACT_NATIVE_PATH = "${PODS_ROOT}/../../node_modules/react-native";
				SDKROOT = iphoneos;
				USE_HERMES = true;
			};
			name = Debug;
		};
		83CBBA211A601CBA00E9B192 /* Release */ = {
			isa = XCBuildConfiguration;
			buildSettings = {
				ALWAYS_SEARCH_USER_PATHS = NO;
				CLANG_ANALYZER_LOCALIZABILITY_NONLOCALIZED = YES;
				CLANG_CXX_LANGUAGE_STANDARD = "c++20";
				CLANG_CXX_LIBRARY = "libc++";
				CLANG_ENABLE_MODULES = YES;
				CLANG_ENABLE_OBJC_ARC = YES;
				CLANG_WARN_BLOCK_CAPTURE_AUTORELEASING = YES;
				CLANG_WARN_BOOL_CONVERSION = YES;
				CLANG_WARN_COMMA = YES;
				CLANG_WARN_CONSTANT_CONVERSION = YES;
				CLANG_WARN_DEPRECATED_OBJC_IMPLEMENTATIONS = YES;
				CLANG_WARN_DIRECT_OBJC_ISA_USAGE = YES_ERROR;
				CLANG_WARN_EMPTY_BODY = YES;
				CLANG_WARN_ENUM_CONVERSION = YES;
				CLANG_WARN_INFINITE_RECURSION = YES;
				CLANG_WARN_INT_CONVERSION = YES;
				CLANG_WARN_NON_LITERAL_NULL_CONVERSION = YES;
				CLANG_WARN_OBJC_IMPLICIT_RETAIN_SELF = YES;
				CLANG_WARN_OBJC_LITERAL_CONVERSION = YES;
				CLANG_WARN_OBJC_ROOT_CLASS = YES_ERROR;
				CLANG_WARN_QUOTED_INCLUDE_IN_FRAMEWORK_HEADER = YES;
				CLANG_WARN_RANGE_LOOP_ANALYSIS = YES;
				CLANG_WARN_STRICT_PROTOTYPES = YES;
				CLANG_WARN_SUSPICIOUS_MOVE = YES;
				CLANG_WARN_UNREACHABLE_CODE = YES;
				CLANG_WARN__DUPLICATE_METHOD_MATCH = YES;
				"CODE_SIGN_IDENTITY[sdk=iphoneos*]" = "iPhone Developer";
				COPY_PHASE_STRIP = YES;
				ENABLE_NS_ASSERTIONS = NO;
				ENABLE_STRICT_OBJC_MSGSEND = YES;
				"EXCLUDED_ARCHS[sdk=iphonesimulator*]" = i386;
				GCC_C_LANGUAGE_STANDARD = gnu99;
				GCC_NO_COMMON_BLOCKS = YES;
				GCC_WARN_64_TO_32_BIT_CONVERSION = YES;
				GCC_WARN_ABOUT_RETURN_TYPE = YES_ERROR;
				GCC_WARN_UNDECLARED_SELECTOR = YES;
				GCC_WARN_UNINITIALIZED_AUTOS = YES_AGGRESSIVE;
				GCC_WARN_UNUSED_FUNCTION = YES;
				GCC_WARN_UNUSED_VARIABLE = YES;
				IPHONEOS_DEPLOYMENT_TARGET = 13.4;
				LD_RUNPATH_SEARCH_PATHS = (
					/usr/lib/swift,
					"$(inherited)",
				);
				LIBRARY_SEARCH_PATHS = (
					"\"$(SDKROOT)/usr/lib/swift\"",
					"\"$(TOOLCHAIN_DIR)/usr/lib/swift/$(PLATFORM_NAME)\"",
					"\"$(inherited)\"",
				);
				MTL_ENABLE_DEBUG_INFO = NO;
				OTHER_CFLAGS = "$(inherited)";
				OTHER_CPLUSPLUSFLAGS = (
					"$(OTHER_CFLAGS)",
					"-DFOLLY_NO_CONFIG",
					"-DFOLLY_MOBILE=1",
					"-DFOLLY_USE_LIBCPP=1",
					"-DFOLLY_CFG_NO_COROUTINES=1",
				);
				OTHER_LDFLAGS = "$(inherited)  ";
				REACT_NATIVE_PATH = "${PODS_ROOT}/../../node_modules/react-native";
				SDKROOT = iphoneos;
				USE_HERMES = true;
				VALIDATE_PRODUCT = YES;
			};
			name = Release;
		};
/* End XCBuildConfiguration section */

/* Begin XCConfigurationList section */
		00E357021AD99517003FC87E /* Build configuration list for PBXNativeTarget "CoffeTimeTests" */ = {
			isa = XCConfigurationList;
			buildConfigurations = (
				00E356F61AD99517003FC87E /* Debug */,
				00E356F71AD99517003FC87E /* Release */,
			);
			defaultConfigurationIsVisible = 0;
			defaultConfigurationName = Release;
		};
		13B07F931A680F5B00A75B9A /* Build configuration list for PBXNativeTarget "CoffeTime" */ = {
			isa = XCConfigurationList;
			buildConfigurations = (
				13B07F941A680F5B00A75B9A /* Debug */,
				13B07F951A680F5B00A75B9A /* Release */,
			);
			defaultConfigurationIsVisible = 0;
			defaultConfigurationName = Release;
		};
		83CBB9FA1A601CBA00E9B192 /* Build configuration list for PBXProject "CoffeTime" */ = {
			isa = XCConfigurationList;
			buildConfigurations = (
				83CBBA201A601CBA00E9B192 /* Debug */,
				83CBBA211A601CBA00E9B192 /* Release */,
			);
			defaultConfigurationIsVisible = 0;
			defaultConfigurationName = Release;
		};
/* End XCConfigurationList section */
	};
	rootObject = 83CBB9F71A601CBA00E9B192 /* Project object */;
}
